
Microsoft Visual Studio Solution File, Format Version 12.00
# Visual Studio 15
VisualStudioVersion = 15.0.27130.2024
MinimumVisualStudioVersion = 10.0.40219.1
Project("{FAE04EC0-301F-11D3-BF4B-00C04F79EFBC}") = "Arrays", "Arrays\Arrays.csproj", "{D7CA7033-6AF8-4793-992B-B61D6F9358C5}"
EndProject
Global
	GlobalSection(SolutionConfigurationPlatforms) = preSolution
		Debug|Any CPU = Debug|Any CPU
		Release|Any CPU = Release|Any CPU
	EndGlobalSection
	GlobalSection(ProjectConfigurationPlatforms) = postSolution
		{D7CA7033-6AF8-4793-992B-B61D6F9358C5}.Debug|Any CPU.ActiveCfg = Debug|Any CPU
		{D7CA7033-6AF8-4793-992B-B61D6F9358C5}.Debug|Any CPU.Build.0 = Debug|Any CPU
		{D7CA7033-6AF8-4793-992B-B61D6F9358C5}.Release|Any CPU.ActiveCfg = Release|Any CPU
		{D7CA7033-6AF8-4793-992B-B61D6F9358C5}.Release|Any CPU.Build.0 = Release|Any CPU
	EndGlobalSection
	GlobalSection(SolutionProperties) = preSolution
		HideSolutionNode = FALSE
	EndGlobalSection
	GlobalSection(ExtensibilityGlobals) = postSolution
		SolutionGuid = {E699AB7B-B623-4B26-A94C-1A2F419E3617}
	EndGlobalSection
EndGlobal
